
Microsoft Visual Studio Solution File, Format Version 12.00
# Visual Studio Version 17
VisualStudioVersion = 17.11.35222.181
MinimumVisualStudioVersion = 10.0.40219.1
Project("{2150E333-8FDC-42A3-9474-1A3956D46DE8}") = "Task0", "Task0", "{E45637CA-50C9-4668-B4E0-5F3276E2CED6}"
EndProject
Project("{9A19103F-16F7-4668-BE54-9A1E7A4F7556}") = "Tyuiu.MajdQadhi.Sprint6.Task0.V12.Lib", "Tyuiu.MajdQadhi.Sprint6.Task0.V12.Lib\Tyuiu.MajdQadhi.Sprint6.Task0.V12.Lib.csproj", "{ED232DEA-2BD3-44A9-B599-C0D8D4EDC3EC}"
EndProject
Project("{9A19103F-16F7-4668-BE54-9A1E7A4F7556}") = "Tyuiu.MajdQadhi.Sprint6.Task0.V12.Test", "Tyuiu.MajdQadhi.Sprint6.Task0.V12.Test\Tyuiu.MajdQadhi.Sprint6.Task0.V12.Test.csproj", "{E45C64AD-51B9-4364-AE50-D6437B5B1948}"
EndProject
Project("{9A19103F-16F7-4668-BE54-9A1E7A4F7556}") = "Tyuiu.MajdQadhi.Sprint6.Task0.V12", "Tyuiu.MajdQadhi.Sprint6.Task0.V12\Tyuiu.MajdQadhi.Sprint6.Task0.V12.csproj", "{995D2F6B-4FAB-4CF5-9E80-61797FD3314D}"
EndProject
Project("{2150E333-8FDC-42A3-9474-1A3956D46DE8}") = "Task1", "Task1", "{626C3C67-3E89-4239-B33A-D015BAC8355D}"
EndProject
Project("{9A19103F-16F7-4668-BE54-9A1E7A4F7556}") = "Tyuiu.MajdQadhi.Sprint6.Task1.V19.Lib", "Tyuiu.MajdQadhi.Sprint6.Task1.V19.Lib\Tyuiu.MajdQadhi.Sprint6.Task1.V19.Lib.csproj", "{8CD5E040-3B26-4E50-A8EB-36CF1525CAF1}"
EndProject
Project("{9A19103F-16F7-4668-BE54-9A1E7A4F7556}") = "Tyuiu.MajdQadhi.Sprint6.Task1.V19.Test", "Tyuiu.MajdQadhi.Sprint6.Task1.V19.Test\Tyuiu.MajdQadhi.Sprint6.Task1.V19.Test.csproj", "{AD6AD273-94A3-4307-B8B6-98B1675B23D2}"
EndProject
Project("{2150E333-8FDC-42A3-9474-1A3956D46DE8}") = "Task2", "Task2", "{8E795572-D8D9-4DAF-AB57-D00389C06A5B}"
EndProject
Project("{9A19103F-16F7-4668-BE54-9A1E7A4F7556}") = "Tyuiu.MajdQadhi.Sprint6.Task2.V27.Test", "Tyuiu.MajdQadhi.Sprint6.Task2.V27.Test\Tyuiu.MajdQadhi.Sprint6.Task2.V27.Test.csproj", "{D17579E6-EDEA-406B-8437-1F67EC6D5176}"
EndProject
Project("{9A19103F-16F7-4668-BE54-9A1E7A4F7556}") = "Tyuiu.MajdQadhi.Sprint6.Task2.V27.Lib", "Tyuiu.MajdQadhi.Sprint6.Task2.V27.Lib\Tyuiu.MajdQadhi.Sprint6.Task2.V27.Lib.csproj", "{5AFEC5B4-590A-4F07-A3F6-BB6D6D2E3A21}"
EndProject
Project("{9A19103F-16F7-4668-BE54-9A1E7A4F7556}") = "Tyuiu.MajdQadhi.Sprint6.Task1.V19", "Tyuiu.MajdQadhi.Sprint6.Task1.V19\Tyuiu.MajdQadhi.Sprint6.Task1.V19.csproj", "{F610B24E-28F2-41ED-803D-264AF36D35E1}"
EndProject
Project("{9A19103F-16F7-4668-BE54-9A1E7A4F7556}") = "Tyuiu.MajdQadhi.Sprint6.Task2.V27", "Tyuiu.MajdQadhi.Sprint6.Task2.V27\Tyuiu.MajdQadhi.Sprint6.Task2.V27.csproj", "{8DBCF106-8B43-4E0A-A378-644AC8BAF8D8}"
EndProject
Project("{2150E333-8FDC-42A3-9474-1A3956D46DE8}") = "Task3", "Task3", "{3910A2D6-61C4-4576-AF3F-7FAA8DEF5E0B}"
EndProject
Project("{9A19103F-16F7-4668-BE54-9A1E7A4F7556}") = "Tyuiu.MajdQadhi.Sprint6.Task3.V14", "Tyuiu.MajdQadhi.Sprint6.Task3.V14\Tyuiu.MajdQadhi.Sprint6.Task3.V14.csproj", "{2348F55B-616F-4ECF-928B-2642E264D72B}"
EndProject
Project("{9A19103F-16F7-4668-BE54-9A1E7A4F7556}") = "Tyuiu.MajdQadhi.Sprint6.Task3.V14.Lib", "Tyuiu.MajdQadhi.Sprint6.Task3.V14.Lib\Tyuiu.MajdQadhi.Sprint6.Task3.V14.Lib.csproj", "{21449D23-E31B-44FC-AA6C-8520A506BF82}"
EndProject
Project("{9A19103F-16F7-4668-BE54-9A1E7A4F7556}") = "Tyuiu.MajdQadhi.Sprint6.Task3.V14.Test", "Tyuiu.MajdQadhi.Sprint6.Task3.V14.Test\Tyuiu.MajdQadhi.Sprint6.Task3.V14.Test.csproj", "{F144A285-21F3-4F79-9115-B67475B02223}"
EndProject
Project("{2150E333-8FDC-42A3-9474-1A3956D46DE8}") = "Task4", "Task4", "{3E577849-8B67-4987-A03F-8FA20663C283}"
EndProject
Project("{9A19103F-16F7-4668-BE54-9A1E7A4F7556}") = "Tyuiu.MajdQadhi.Sprint6.Task4.V21", "Tyuiu.MajdQadhi.Sprint6.Task4.V21\Tyuiu.MajdQadhi.Sprint6.Task4.V21.csproj", "{C49146F5-0987-484A-9698-3C29DD762872}"
EndProject
Project("{9A19103F-16F7-4668-BE54-9A1E7A4F7556}") = "Tyuiu.MajdQadhi.Sprint6.Task4.V21.Lib", "Tyuiu.MajdQadhi.Sprint6.Task4.V21.Lib\Tyuiu.MajdQadhi.Sprint6.Task4.V21.Lib.csproj", "{2002CBA4-D060-4669-BC85-2ECDA553C366}"
EndProject
Project("{9A19103F-16F7-4668-BE54-9A1E7A4F7556}") = "Tyuiu.MajdQadhi.Sprint6.Task4.V21.Test", "Tyuiu.MajdQadhi.Sprint6.Task4.V21.Test\Tyuiu.MajdQadhi.Sprint6.Task4.V21.Test.csproj", "{3E447EDC-7D4A-4F6A-9A1C-EF50F7E43EED}"
EndProject
Project("{2150E333-8FDC-42A3-9474-1A3956D46DE8}") = "Task5", "Task5", "{39B10C42-ED3D-4E76-9ED9-7BB50BA300C9}"
EndProject
Project("{9A19103F-16F7-4668-BE54-9A1E7A4F7556}") = "Tyuiu.MajdQadhi.Sprint6.Task5.V3", "Tyuiu.MajdQadhi.Sprint6.Task5.V3\Tyuiu.MajdQadhi.Sprint6.Task5.V3.csproj", "{FD3AA4EB-141F-4748-ABB0-88B773E1D584}"
EndProject
Project("{9A19103F-16F7-4668-BE54-9A1E7A4F7556}") = "Tyuiu.MajdQadhi.Sprint6.Task5.V3.Lib", "Tyuiu.MajdQadhi.Sprint6.Task5.V3.Lib\Tyuiu.MajdQadhi.Sprint6.Task5.V3.Lib.csproj", "{912232E9-BCEA-477A-B4C2-E5AF6391911C}"
EndProject
Project("{9A19103F-16F7-4668-BE54-9A1E7A4F7556}") = "Tyuiu.MajdQadhi.Sprint6.Task5.V3.Test", "Tyuiu.MajdQadhi.Sprint6.Task5.V3.Test\Tyuiu.MajdQadhi.Sprint6.Task5.V3.Test.csproj", "{266A9D8C-6C66-4863-B6A2-E580ADB117C7}"
EndProject
Project("{2150E333-8FDC-42A3-9474-1A3956D46DE8}") = "Task6", "Task6", "{8C0EBB5D-17CF-4CD4-AA31-6B67DB58BF70}"
EndProject
Project("{FAE04EC0-301F-11D3-BF4B-00C04F79EFBC}") = "Tyuiu.MajdQadhi.Sprint6.Task6.V5", "Tyuiu.MajdQadhi.Sprint6.Task6.V5\Tyuiu.MajdQadhi.Sprint6.Task6.V5.csproj", "{C224A8F3-B399-4589-9272-62E9B383BC88}"
EndProject
Project("{FAE04EC0-301F-11D3-BF4B-00C04F79EFBC}") = "Tyuiu.MajdQadhi.Sprint6.Task6.V5.Lib", "Tyuiu.MajdQadhi.Sprint6.Task6.V5.Lib\Tyuiu.MajdQadhi.Sprint6.Task6.V5.Lib.csproj", "{F9F643C5-7CDC-415C-838D-70B05528461B}"
EndProject
Project("{FAE04EC0-301F-11D3-BF4B-00C04F79EFBC}") = "Tyuiu.MajdQadhi.Sprint6.Task6.V5.Test", "Tyuiu.MajdQadhi.Sprint6.Task6.V5.Test\Tyuiu.MajdQadhi.Sprint6.Task6.V5.Test.csproj", "{EB0C58B3-EE89-4EF9-803B-2CD062B8270B}"
EndProject
Project("{2150E333-8FDC-42A3-9474-1A3956D46DE8}") = "Task7", "Task7", "{9FDF91F1-9372-483D-88FE-CC5873606DDC}"
EndProject
Project("{FAE04EC0-301F-11D3-BF4B-00C04F79EFBC}") = "Tyuiu.MajdQadhi.Sprint6.Task7.V16", "Tyuiu.MajdQadhi.Sprint6.Task7.V16\Tyuiu.MajdQadhi.Sprint6.Task7.V16.csproj", "{A78F16C7-9E41-4577-8C40-08C03AE97B22}"
EndProject
Project("{FAE04EC0-301F-11D3-BF4B-00C04F79EFBC}") = "Tyuiu.MajdQadhi.Sprint6.Task7.V16.Test", "Tyuiu.MajdQadhi.Sprint6.Task7.V16.Test\Tyuiu.MajdQadhi.Sprint6.Task7.V16.Test.csproj", "{F600D110-A0CA-4543-A1F3-C1CEAF73F9E6}"
EndProject
Project("{FAE04EC0-301F-11D3-BF4B-00C04F79EFBC}") = "Tyuiu.MajdQadhi.Sprint6.Task7.V16.Lib", "Tyuiu.MajdQadhi.Sprint6.Task7.V16.Lib\Tyuiu.MajdQadhi.Sprint6.Task7.V16.Lib.csproj", "{45B77D9B-CFF6-43F1-B7F2-539EBA496632}"
EndProject
Global
	GlobalSection(SolutionConfigurationPlatforms) = preSolution
		Debug|Any CPU = Debug|Any CPU
		Release|Any CPU = Release|Any CPU
	EndGlobalSection
	GlobalSection(ProjectConfigurationPlatforms) = postSolution
		{ED232DEA-2BD3-44A9-B599-C0D8D4EDC3EC}.Debug|Any CPU.ActiveCfg = Debug|Any CPU
		{ED232DEA-2BD3-44A9-B599-C0D8D4EDC3EC}.Debug|Any CPU.Build.0 = Debug|Any CPU
		{ED232DEA-2BD3-44A9-B599-C0D8D4EDC3EC}.Release|Any CPU.ActiveCfg = Release|Any CPU
		{ED232DEA-2BD3-44A9-B599-C0D8D4EDC3EC}.Release|Any CPU.Build.0 = Release|Any CPU
		{E45C64AD-51B9-4364-AE50-D6437B5B1948}.Debug|Any CPU.ActiveCfg = Debug|Any CPU
		{E45C64AD-51B9-4364-AE50-D6437B5B1948}.Debug|Any CPU.Build.0 = Debug|Any CPU
		{E45C64AD-51B9-4364-AE50-D6437B5B1948}.Release|Any CPU.ActiveCfg = Release|Any CPU
		{E45C64AD-51B9-4364-AE50-D6437B5B1948}.Release|Any CPU.Build.0 = Release|Any CPU
		{995D2F6B-4FAB-4CF5-9E80-61797FD3314D}.Debug|Any CPU.ActiveCfg = Debug|Any CPU
		{995D2F6B-4FAB-4CF5-9E80-61797FD3314D}.Debug|Any CPU.Build.0 = Debug|Any CPU
		{995D2F6B-4FAB-4CF5-9E80-61797FD3314D}.Release|Any CPU.ActiveCfg = Release|Any CPU
		{995D2F6B-4FAB-4CF5-9E80-61797FD3314D}.Release|Any CPU.Build.0 = Release|Any CPU
		{8CD5E040-3B26-4E50-A8EB-36CF1525CAF1}.Debug|Any CPU.ActiveCfg = Debug|Any CPU
		{8CD5E040-3B26-4E50-A8EB-36CF1525CAF1}.Debug|Any CPU.Build.0 = Debug|Any CPU
		{8CD5E040-3B26-4E50-A8EB-36CF1525CAF1}.Release|Any CPU.ActiveCfg = Release|Any CPU
		{8CD5E040-3B26-4E50-A8EB-36CF1525CAF1}.Release|Any CPU.Build.0 = Release|Any CPU
		{AD6AD273-94A3-4307-B8B6-98B1675B23D2}.Debug|Any CPU.ActiveCfg = Debug|Any CPU
		{AD6AD273-94A3-4307-B8B6-98B1675B23D2}.Debug|Any CPU.Build.0 = Debug|Any CPU
		{AD6AD273-94A3-4307-B8B6-98B1675B23D2}.Release|Any CPU.ActiveCfg = Release|Any CPU
		{AD6AD273-94A3-4307-B8B6-98B1675B23D2}.Release|Any CPU.Build.0 = Release|Any CPU
		{D17579E6-EDEA-406B-8437-1F67EC6D5176}.Debug|Any CPU.ActiveCfg = Debug|Any CPU
		{D17579E6-EDEA-406B-8437-1F67EC6D5176}.Debug|Any CPU.Build.0 = Debug|Any CPU
		{D17579E6-EDEA-406B-8437-1F67EC6D5176}.Release|Any CPU.ActiveCfg = Release|Any CPU
		{D17579E6-EDEA-406B-8437-1F67EC6D5176}.Release|Any CPU.Build.0 = Release|Any CPU
		{5AFEC5B4-590A-4F07-A3F6-BB6D6D2E3A21}.Debug|Any CPU.ActiveCfg = Debug|Any CPU
		{5AFEC5B4-590A-4F07-A3F6-BB6D6D2E3A21}.Debug|Any CPU.Build.0 = Debug|Any CPU
		{5AFEC5B4-590A-4F07-A3F6-BB6D6D2E3A21}.Release|Any CPU.ActiveCfg = Release|Any CPU
		{5AFEC5B4-590A-4F07-A3F6-BB6D6D2E3A21}.Release|Any CPU.Build.0 = Release|Any CPU
		{F610B24E-28F2-41ED-803D-264AF36D35E1}.Debug|Any CPU.ActiveCfg = Debug|Any CPU
		{F610B24E-28F2-41ED-803D-264AF36D35E1}.Debug|Any CPU.Build.0 = Debug|Any CPU
		{F610B24E-28F2-41ED-803D-264AF36D35E1}.Release|Any CPU.ActiveCfg = Release|Any CPU
		{F610B24E-28F2-41ED-803D-264AF36D35E1}.Release|Any CPU.Build.0 = Release|Any CPU
		{8DBCF106-8B43-4E0A-A378-644AC8BAF8D8}.Debug|Any CPU.ActiveCfg = Debug|Any CPU
		{8DBCF106-8B43-4E0A-A378-644AC8BAF8D8}.Debug|Any CPU.Build.0 = Debug|Any CPU
		{8DBCF106-8B43-4E0A-A378-644AC8BAF8D8}.Release|Any CPU.ActiveCfg = Release|Any CPU
		{8DBCF106-8B43-4E0A-A378-644AC8BAF8D8}.Release|Any CPU.Build.0 = Release|Any CPU
		{2348F55B-616F-4ECF-928B-2642E264D72B}.Debug|Any CPU.ActiveCfg = Debug|Any CPU
		{2348F55B-616F-4ECF-928B-2642E264D72B}.Debug|Any CPU.Build.0 = Debug|Any CPU
		{2348F55B-616F-4ECF-928B-2642E264D72B}.Release|Any CPU.ActiveCfg = Release|Any CPU
		{2348F55B-616F-4ECF-928B-2642E264D72B}.Release|Any CPU.Build.0 = Release|Any CPU
		{21449D23-E31B-44FC-AA6C-8520A506BF82}.Debug|Any CPU.ActiveCfg = Debug|Any CPU
		{21449D23-E31B-44FC-AA6C-8520A506BF82}.Debug|Any CPU.Build.0 = Debug|Any CPU
		{21449D23-E31B-44FC-AA6C-8520A506BF82}.Release|Any CPU.ActiveCfg = Release|Any CPU
		{21449D23-E31B-44FC-AA6C-8520A506BF82}.Release|Any CPU.Build.0 = Release|Any CPU
		{F144A285-21F3-4F79-9115-B67475B02223}.Debug|Any CPU.ActiveCfg = Debug|Any CPU
		{F144A285-21F3-4F79-9115-B67475B02223}.Debug|Any CPU.Build.0 = Debug|Any CPU
		{F144A285-21F3-4F79-9115-B67475B02223}.Release|Any CPU.ActiveCfg = Release|Any CPU
		{F144A285-21F3-4F79-9115-B67475B02223}.Release|Any CPU.Build.0 = Release|Any CPU
		{C49146F5-0987-484A-9698-3C29DD762872}.Debug|Any CPU.ActiveCfg = Debug|Any CPU
		{C49146F5-0987-484A-9698-3C29DD762872}.Debug|Any CPU.Build.0 = Debug|Any CPU
		{C49146F5-0987-484A-9698-3C29DD762872}.Release|Any CPU.ActiveCfg = Release|Any CPU
		{C49146F5-0987-484A-9698-3C29DD762872}.Release|Any CPU.Build.0 = Release|Any CPU
		{2002CBA4-D060-4669-BC85-2ECDA553C366}.Debug|Any CPU.ActiveCfg = Debug|Any CPU
		{2002CBA4-D060-4669-BC85-2ECDA553C366}.Debug|Any CPU.Build.0 = Debug|Any CPU
		{2002CBA4-D060-4669-BC85-2ECDA553C366}.Release|Any CPU.ActiveCfg = Release|Any CPU
		{2002CBA4-D060-4669-BC85-2ECDA553C366}.Release|Any CPU.Build.0 = Release|Any CPU
		{3E447EDC-7D4A-4F6A-9A1C-EF50F7E43EED}.Debug|Any CPU.ActiveCfg = Debug|Any CPU
		{3E447EDC-7D4A-4F6A-9A1C-EF50F7E43EED}.Debug|Any CPU.Build.0 = Debug|Any CPU
		{3E447EDC-7D4A-4F6A-9A1C-EF50F7E43EED}.Release|Any CPU.ActiveCfg = Release|Any CPU
		{3E447EDC-7D4A-4F6A-9A1C-EF50F7E43EED}.Release|Any CPU.Build.0 = Release|Any CPU
		{FD3AA4EB-141F-4748-ABB0-88B773E1D584}.Debug|Any CPU.ActiveCfg = Debug|Any CPU
		{FD3AA4EB-141F-4748-ABB0-88B773E1D584}.Debug|Any CPU.Build.0 = Debug|Any CPU
		{FD3AA4EB-141F-4748-ABB0-88B773E1D584}.Release|Any CPU.ActiveCfg = Release|Any CPU
		{FD3AA4EB-141F-4748-ABB0-88B773E1D584}.Release|Any CPU.Build.0 = Release|Any CPU
		{912232E9-BCEA-477A-B4C2-E5AF6391911C}.Debug|Any CPU.ActiveCfg = Debug|Any CPU
		{912232E9-BCEA-477A-B4C2-E5AF6391911C}.Debug|Any CPU.Build.0 = Debug|Any CPU
		{912232E9-BCEA-477A-B4C2-E5AF6391911C}.Release|Any CPU.ActiveCfg = Release|Any CPU
		{912232E9-BCEA-477A-B4C2-E5AF6391911C}.Release|Any CPU.Build.0 = Release|Any CPU
		{266A9D8C-6C66-4863-B6A2-E580ADB117C7}.Debug|Any CPU.ActiveCfg = Debug|Any CPU
		{266A9D8C-6C66-4863-B6A2-E580ADB117C7}.Debug|Any CPU.Build.0 = Debug|Any CPU
		{266A9D8C-6C66-4863-B6A2-E580ADB117C7}.Release|Any CPU.ActiveCfg = Release|Any CPU
		{266A9D8C-6C66-4863-B6A2-E580ADB117C7}.Release|Any CPU.Build.0 = Release|Any CPU
		{C224A8F3-B399-4589-9272-62E9B383BC88}.Debug|Any CPU.ActiveCfg = Debug|Any CPU
		{C224A8F3-B399-4589-9272-62E9B383BC88}.Debug|Any CPU.Build.0 = Debug|Any CPU
		{C224A8F3-B399-4589-9272-62E9B383BC88}.Release|Any CPU.ActiveCfg = Release|Any CPU
		{C224A8F3-B399-4589-9272-62E9B383BC88}.Release|Any CPU.Build.0 = Release|Any CPU
		{F9F643C5-7CDC-415C-838D-70B05528461B}.Debug|Any CPU.ActiveCfg = Debug|Any CPU
		{F9F643C5-7CDC-415C-838D-70B05528461B}.Debug|Any CPU.Build.0 = Debug|Any CPU
		{F9F643C5-7CDC-415C-838D-70B05528461B}.Release|Any CPU.ActiveCfg = Release|Any CPU
		{F9F643C5-7CDC-415C-838D-70B05528461B}.Release|Any CPU.Build.0 = Release|Any CPU
		{EB0C58B3-EE89-4EF9-803B-2CD062B8270B}.Debug|Any CPU.ActiveCfg = Debug|Any CPU
		{EB0C58B3-EE89-4EF9-803B-2CD062B8270B}.Debug|Any CPU.Build.0 = Debug|Any CPU
		{EB0C58B3-EE89-4EF9-803B-2CD062B8270B}.Release|Any CPU.ActiveCfg = Release|Any CPU
		{EB0C58B3-EE89-4EF9-803B-2CD062B8270B}.Release|Any CPU.Build.0 = Release|Any CPU
		{A78F16C7-9E41-4577-8C40-08C03AE97B22}.Debug|Any CPU.ActiveCfg = Debug|Any CPU
		{A78F16C7-9E41-4577-8C40-08C03AE97B22}.Debug|Any CPU.Build.0 = Debug|Any CPU
		{A78F16C7-9E41-4577-8C40-08C03AE97B22}.Release|Any CPU.ActiveCfg = Release|Any CPU
		{A78F16C7-9E41-4577-8C40-08C03AE97B22}.Release|Any CPU.Build.0 = Release|Any CPU
		{F600D110-A0CA-4543-A1F3-C1CEAF73F9E6}.Debug|Any CPU.ActiveCfg = Debug|Any CPU
		{F600D110-A0CA-4543-A1F3-C1CEAF73F9E6}.Debug|Any CPU.Build.0 = Debug|Any CPU
		{F600D110-A0CA-4543-A1F3-C1CEAF73F9E6}.Release|Any CPU.ActiveCfg = Release|Any CPU
		{F600D110-A0CA-4543-A1F3-C1CEAF73F9E6}.Release|Any CPU.Build.0 = Release|Any CPU
		{45B77D9B-CFF6-43F1-B7F2-539EBA496632}.Debug|Any CPU.ActiveCfg = Debug|Any CPU
		{45B77D9B-CFF6-43F1-B7F2-539EBA496632}.Debug|Any CPU.Build.0 = Debug|Any CPU
		{45B77D9B-CFF6-43F1-B7F2-539EBA496632}.Release|Any CPU.ActiveCfg = Release|Any CPU
		{45B77D9B-CFF6-43F1-B7F2-539EBA496632}.Release|Any CPU.Build.0 = Release|Any CPU
	EndGlobalSection
	GlobalSection(SolutionProperties) = preSolution
		HideSolutionNode = FALSE
	EndGlobalSection
	GlobalSection(NestedProjects) = preSolution
		{ED232DEA-2BD3-44A9-B599-C0D8D4EDC3EC} = {E45637CA-50C9-4668-B4E0-5F3276E2CED6}
		{E45C64AD-51B9-4364-AE50-D6437B5B1948} = {E45637CA-50C9-4668-B4E0-5F3276E2CED6}
		{995D2F6B-4FAB-4CF5-9E80-61797FD3314D} = {E45637CA-50C9-4668-B4E0-5F3276E2CED6}
		{8CD5E040-3B26-4E50-A8EB-36CF1525CAF1} = {626C3C67-3E89-4239-B33A-D015BAC8355D}
		{AD6AD273-94A3-4307-B8B6-98B1675B23D2} = {626C3C67-3E89-4239-B33A-D015BAC8355D}
		{D17579E6-EDEA-406B-8437-1F67EC6D5176} = {8E795572-D8D9-4DAF-AB57-D00389C06A5B}
		{5AFEC5B4-590A-4F07-A3F6-BB6D6D2E3A21} = {8E795572-D8D9-4DAF-AB57-D00389C06A5B}
		{F610B24E-28F2-41ED-803D-264AF36D35E1} = {626C3C67-3E89-4239-B33A-D015BAC8355D}
		{8DBCF106-8B43-4E0A-A378-644AC8BAF8D8} = {8E795572-D8D9-4DAF-AB57-D00389C06A5B}
		{2348F55B-616F-4ECF-928B-2642E264D72B} = {3910A2D6-61C4-4576-AF3F-7FAA8DEF5E0B}
		{21449D23-E31B-44FC-AA6C-8520A506BF82} = {3910A2D6-61C4-4576-AF3F-7FAA8DEF5E0B}
		{F144A285-21F3-4F79-9115-B67475B02223} = {3910A2D6-61C4-4576-AF3F-7FAA8DEF5E0B}
		{C49146F5-0987-484A-9698-3C29DD762872} = {3E577849-8B67-4987-A03F-8FA20663C283}
		{2002CBA4-D060-4669-BC85-2ECDA553C366} = {3E577849-8B67-4987-A03F-8FA20663C283}
		{3E447EDC-7D4A-4F6A-9A1C-EF50F7E43EED} = {3E577849-8B67-4987-A03F-8FA20663C283}
		{FD3AA4EB-141F-4748-ABB0-88B773E1D584} = {39B10C42-ED3D-4E76-9ED9-7BB50BA300C9}
		{912232E9-BCEA-477A-B4C2-E5AF6391911C} = {39B10C42-ED3D-4E76-9ED9-7BB50BA300C9}
		{266A9D8C-6C66-4863-B6A2-E580ADB117C7} = {39B10C42-ED3D-4E76-9ED9-7BB50BA300C9}
		{C224A8F3-B399-4589-9272-62E9B383BC88} = {8C0EBB5D-17CF-4CD4-AA31-6B67DB58BF70}
		{F9F643C5-7CDC-415C-838D-70B05528461B} = {8C0EBB5D-17CF-4CD4-AA31-6B67DB58BF70}
		{EB0C58B3-EE89-4EF9-803B-2CD062B8270B} = {8C0EBB5D-17CF-4CD4-AA31-6B67DB58BF70}
		{A78F16C7-9E41-4577-8C40-08C03AE97B22} = {9FDF91F1-9372-483D-88FE-CC5873606DDC}
		{F600D110-A0CA-4543-A1F3-C1CEAF73F9E6} = {9FDF91F1-9372-483D-88FE-CC5873606DDC}
		{45B77D9B-CFF6-43F1-B7F2-539EBA496632} = {9FDF91F1-9372-483D-88FE-CC5873606DDC}
	EndGlobalSection
	GlobalSection(ExtensibilityGlobals) = postSolution
		SolutionGuid = {69942D7D-0AED-4B19-9B69-7847246CB22D}
	EndGlobalSection
EndGlobal
